
Microsoft Visual Studio Solution File, Format Version 12.00
# Visual Studio Version 17
VisualStudioVersion = 17.2.32519.379
MinimumVisualStudioVersion = 10.0.40219.1
Project("{FAE04EC0-301F-11D3-BF4B-00C04F79EFBC}") = "WinFormsDelegate", "WinFormsDelegate\WinFormsDelegate.csproj", "{E235C6A9-F660-49CC-9660-DF5722227768}"
EndProject
Global
	GlobalSection(SolutionConfigurationPlatforms) = preSolution
		Debug|Any CPU = Debug|Any CPU
		Release|Any CPU = Release|Any CPU
	EndGlobalSection
	GlobalSection(ProjectConfigurationPlatforms) = postSolution
		{E235C6A9-F660-49CC-9660-DF5722227768}.Debug|Any CPU.ActiveCfg = Debug|Any CPU
		{E235C6A9-F660-49CC-9660-DF5722227768}.Debug|Any CPU.Build.0 = Debug|Any CPU
		{E235C6A9-F660-49CC-9660-DF5722227768}.Release|Any CPU.ActiveCfg = Release|Any CPU
		{E235C6A9-F660-49CC-9660-DF5722227768}.Release|Any CPU.Build.0 = Release|Any CPU
	EndGlobalSection
	GlobalSection(SolutionProperties) = preSolution
		HideSolutionNode = FALSE
	EndGlobalSection
	GlobalSection(ExtensibilityGlobals) = postSolution
		SolutionGuid = {7D6C0FA8-AA53-4C2F-BD91-F4EBC9F73B36}
	EndGlobalSection
EndGlobal
